{
  "nodes": {
    "flake-compat": {
      "flake": false,
      "locked": {
        "lastModified": 1606424373,
        "narHash": "sha256-oq8d4//CJOrVj+EcOaSXvMebvuTkmBJuT5tzlfewUnQ=",
        "owner": "edolstra",
        "repo": "flake-compat",
        "rev": "99f1c2157fba4bfe6211a321fd0ee43199025dbf",
        "type": "github"
      },
      "original": {
        "owner": "edolstra",
        "repo": "flake-compat",
        "type": "github"
      }
    },
    "flake-utils": {
      "locked": {
        "lastModified": 1610051610,
        "narHash": "sha256-U9rPz/usA1/Aohhk7Cmc2gBrEEKRzcW4nwPWMPwja4Y=",
        "owner": "numtide",
        "repo": "flake-utils",
        "rev": "3982c9903e93927c2164caa727cd3f6a0e6d14cc",
        "type": "github"
      },
      "original": {
        "owner": "numtide",
        "repo": "flake-utils",
        "type": "github"
      }
    },
    "flake-utils_2": {
      "locked": {
        "lastModified": 1614513358,
        "narHash": "sha256-LakhOx3S1dRjnh0b5Dg3mbZyH0ToC9I8Y2wKSkBaTzU=",
        "owner": "numtide",
        "repo": "flake-utils",
        "rev": "5466c5bbece17adaab2d82fae80b46e807611bf3",
        "type": "github"
      },
      "original": {
        "owner": "numtide",
        "repo": "flake-utils",
        "type": "github"
      }
    },
    "home": {
      "inputs": {
        "nixpkgs": [
          "unstable"
        ]
      },
      "locked": {
        "lastModified": 1621077251,
        "narHash": "sha256-Mlc7gQB7KNOtvhPrdDI12K4gAvd8h5dnzThQHtPaY+k=",
        "owner": "l3afme",
        "repo": "home-manager",
        "rev": "d589713a2dd686497bf29d250125baf273aabbe8",
        "type": "github"
      },
      "original": {
        "owner": "l3afme",
        "repo": "home-manager",
        "type": "github"
      }
    },
    "master": {
      "locked": {
        "narHash": "sha256-G9jC5hl3lJC6Cg1HtItK0dFCSsqXmQrOlUBJIUrTYfw=",
        "path": "/home/l3af/Projects/Nix/nixpkgs",
        "type": "path"
      },
      "original": {
        "path": "/home/l3af/Projects/Nix/nixpkgs",
        "type": "path"
      }
    },
    "neovim-flake": {
      "inputs": {
        "flake-utils": "flake-utils",
        "nixpkgs": [
          "nixpkgs"
        ]
      },
      "locked": {
        "dir": "contrib",
        "lastModified": 1621032644,
        "narHash": "sha256-URpD3qNl6jnvcwqouzDCap+D1RjDexRm1AlEpv+rPu4=",
        "owner": "neovim",
        "repo": "neovim",
        "rev": "c57a85d53490fe53158a0cbd768941b732926d83",
        "type": "github"
      },
      "original": {
        "dir": "contrib",
        "owner": "neovim",
        "repo": "neovim",
        "type": "github"
      }
    },
    "neovim-nightly": {
      "inputs": {
        "flake-compat": "flake-compat",
        "neovim-flake": "neovim-flake",
        "nixpkgs": "nixpkgs"
      },
      "locked": {
        "lastModified": 1621066449,
        "narHash": "sha256-LYHAqDHjCaxe6+mS3QdCQlZROYFBIjnfPmLy4+ulvIw=",
        "owner": "nix-community",
        "repo": "neovim-nightly-overlay",
        "rev": "216ece16db6a6781ed53e7414277bf49b34a53d7",
        "type": "github"
      },
      "original": {
        "owner": "nix-community",
        "repo": "neovim-nightly-overlay",
        "type": "github"
      }
    },
    "new-vim-shit": {
      "locked": {
        "lastModified": 1620629327,
        "narHash": "sha256-Ig4z1245I7Qup7wP5uRMFT3Hi/ef56UJv5XAKe4VqDo=",
        "owner": "fortuneteller2k",
        "repo": "nixpkgs",
        "rev": "b6b0ec070e6314a30abe45aa87d6d32d1d750561",
        "type": "github"
      },
      "original": {
        "owner": "fortuneteller2k",
        "ref": "add-vimplugins",
        "repo": "nixpkgs",
        "type": "github"
      }
    },
    "nixpkgs": {
      "locked": {
        "lastModified": 1620901170,
        "narHash": "sha256-hsJnA0fH6gGzj9KOoolUR+8mw+wNAJC/2SxjZsEq1AI=",
        "owner": "nixos",
        "repo": "nixpkgs",
        "rev": "d1601a40c48426ae460eede1675fd1d6ee23e198",
        "type": "github"
      },
      "original": {
        "owner": "nixos",
        "ref": "nixos-unstable",
        "repo": "nixpkgs",
        "type": "github"
      }
    },
    "nixpkgs_2": {
      "locked": {
        "lastModified": 1617325113,
        "narHash": "sha256-GksR0nvGxfZ79T91UUtWjjccxazv6Yh/MvEJ82v1Xmw=",
        "owner": "nixos",
        "repo": "nixpkgs",
        "rev": "54c1e44240d8a527a8f4892608c4bce5440c3ecb",
        "type": "github"
      },
      "original": {
        "owner": "NixOS",
        "repo": "nixpkgs",
        "type": "github"
      }
    },
    "root": {
      "inputs": {
        "home": "home",
        "master": "master",
        "neovim-nightly": "neovim-nightly",
        "new-vim-shit": "new-vim-shit",
        "nixpkgs": [
          "master"
        ],
        "rust": "rust",
        "stable": "stable",
        "staging": "staging",
        "staging-next": "staging-next",
        "unstable": "unstable"
      }
    },
    "rust": {
      "inputs": {
        "flake-utils": "flake-utils_2",
        "nixpkgs": "nixpkgs_2"
      },
      "locked": {
        "lastModified": 1621132284,
        "narHash": "sha256-LtAkxh4E1cQcLe7KhB2Eaa7kx0yXYU8y9MGP5QTTKss=",
        "owner": "oxalica",
        "repo": "rust-overlay",
        "rev": "d343acc771891e7e90d2931a54facd8033b12c07",
        "type": "github"
      },
      "original": {
        "owner": "oxalica",
        "repo": "rust-overlay",
        "type": "github"
      }
    },
    "stable": {
      "locked": {
        "lastModified": 1621200888,
        "narHash": "sha256-qLBpU0O0trVcIufj+Qr3rwptYok2UuxGtT17Pdqi4Jo=",
        "owner": "nixos",
        "repo": "nixpkgs",
        "rev": "5e71a99cb63ddc259acb39f237dd40562383bdf2",
        "type": "github"
      },
      "original": {
        "owner": "nixos",
        "ref": "release-20.09",
        "repo": "nixpkgs",
        "type": "github"
      }
    },
    "staging": {
      "locked": {
        "lastModified": 1621202688,
        "narHash": "sha256-6vl7QBsZREwPAuCjPepqZPyi18QjJQ4FPaqLee/WfhU=",
        "owner": "nixos",
        "repo": "nixpkgs",
        "rev": "65dbed73949e4c0207e75dcc7271b29f9e457670",
        "type": "github"
      },
      "original": {
        "owner": "nixos",
        "ref": "staging",
        "repo": "nixpkgs",
        "type": "github"
      }
    },
    "staging-next": {
      "locked": {
        "lastModified": 1621190298,
        "narHash": "sha256-ZkwhyENnHje36i8bBAx39jY5rDXRdK4o2JFdjKsD62o=",
        "owner": "nixos",
        "repo": "nixpkgs",
        "rev": "20acd4c4f14040485f40e55c0a76c186aa8ca4f3",
        "type": "github"
      },
      "original": {
        "owner": "nixos",
        "ref": "staging-next",
        "repo": "nixpkgs",
        "type": "github"
      }
    },
    "unstable": {
      "locked": {
        "lastModified": 1621169420,
        "narHash": "sha256-NKFX7QhxRQkaw0+NjcZ6N+cYpDs7gkpMHxNC8QHkprg=",
        "owner": "nixos",
        "repo": "nixpkgs",
        "rev": "c58b97674b12d238d9d21e8ab9ee9d7a6b81ae8f",
        "type": "github"
      },
      "original": {
        "owner": "nixos",
        "ref": "nixpkgs-unstable",
        "repo": "nixpkgs",
        "type": "github"
      }
    }
  },
  "root": "root",
  "version": 7
}
