{
  "nodes": {
    "flake-compat": {
      "flake": false,
      "locked": {
        "lastModified": 1606424373,
        "narHash": "sha256-oq8d4//CJOrVj+EcOaSXvMebvuTkmBJuT5tzlfewUnQ=",
        "owner": "edolstra",
        "repo": "flake-compat",
        "rev": "99f1c2157fba4bfe6211a321fd0ee43199025dbf",
        "type": "github"
      },
      "original": {
        "owner": "edolstra",
        "repo": "flake-compat",
        "type": "github"
      }
    },
    "flake-utils": {
      "locked": {
        "lastModified": 1610051610,
        "narHash": "sha256-U9rPz/usA1/Aohhk7Cmc2gBrEEKRzcW4nwPWMPwja4Y=",
        "owner": "numtide",
        "repo": "flake-utils",
        "rev": "3982c9903e93927c2164caa727cd3f6a0e6d14cc",
        "type": "github"
      },
      "original": {
        "owner": "numtide",
        "repo": "flake-utils",
        "type": "github"
      }
    },
    "flake-utils_2": {
      "locked": {
        "lastModified": 1614513358,
        "narHash": "sha256-LakhOx3S1dRjnh0b5Dg3mbZyH0ToC9I8Y2wKSkBaTzU=",
        "owner": "numtide",
        "repo": "flake-utils",
        "rev": "5466c5bbece17adaab2d82fae80b46e807611bf3",
        "type": "github"
      },
      "original": {
        "owner": "numtide",
        "repo": "flake-utils",
        "type": "github"
      }
    },
    "home": {
      "inputs": {
        "nixpkgs": [
          "unstable"
        ]
      },
      "locked": {
        "lastModified": 1620811743,
        "narHash": "sha256-7iZrCpLWaxb2/n29tyw7bRZxWacog3YhNsyMQZqxG1Q=",
        "owner": "l3afme",
        "repo": "home-manager",
        "rev": "2d5ce9cb71b73885662e319f48096d4bedc187dc",
        "type": "github"
      },
      "original": {
        "owner": "l3afme",
        "repo": "home-manager",
        "type": "github"
      }
    },
    "master": {
      "locked": {
        "lastModified": 1620808913,
        "narHash": "sha256-oPrkuFCuUZxTGTGVSHZMj25ASmzHX3T1zZLVPffqy4U=",
        "owner": "nixos",
        "repo": "nixpkgs",
        "rev": "1f69514445e77932529a4f9b131ade51ba460ea4",
        "type": "github"
      },
      "original": {
        "owner": "nixos",
        "ref": "master",
        "repo": "nixpkgs",
        "type": "github"
      }
    },
    "neovim-flake": {
      "inputs": {
        "flake-utils": "flake-utils",
        "nixpkgs": [
          "nixpkgs"
        ]
      },
      "locked": {
        "dir": "contrib",
        "lastModified": 1620779525,
        "narHash": "sha256-k4ePrffhuZoSDqZMOMHx1Rb/ehd6cjvJvc/Wh9Wr8Rg=",
        "owner": "neovim",
        "repo": "neovim",
        "rev": "61aefaf2993c0b55f6123ba4b0bd41b1caf1fcd3",
        "type": "github"
      },
      "original": {
        "dir": "contrib",
        "owner": "neovim",
        "repo": "neovim",
        "type": "github"
      }
    },
    "neovim-nightly": {
      "inputs": {
        "flake-compat": "flake-compat",
        "neovim-flake": "neovim-flake",
        "nixpkgs": "nixpkgs"
      },
      "locked": {
        "lastModified": 1620807222,
        "narHash": "sha256-7BW0sFQMXvs/BZPIKqfvgX+xMKF5M3TQajBARKoVNyg=",
        "owner": "nix-community",
        "repo": "neovim-nightly-overlay",
        "rev": "390d6e15256b7c87d5b41085896365588d49ecd4",
        "type": "github"
      },
      "original": {
        "owner": "nix-community",
        "repo": "neovim-nightly-overlay",
        "type": "github"
      }
    },
    "new-vim-shit": {
      "locked": {
        "lastModified": 1620629327,
        "narHash": "sha256-Ig4z1245I7Qup7wP5uRMFT3Hi/ef56UJv5XAKe4VqDo=",
        "owner": "fortuneteller2k",
        "repo": "nixpkgs",
        "rev": "b6b0ec070e6314a30abe45aa87d6d32d1d750561",
        "type": "github"
      },
      "original": {
        "owner": "fortuneteller2k",
        "ref": "add-vimplugins",
        "repo": "nixpkgs",
        "type": "github"
      }
    },
    "nixpkgs": {
      "locked": {
        "lastModified": 1620387763,
        "narHash": "sha256-cR6e92q0fMMol0K5a+e472F2ojjEoaEighs51pKF99I=",
        "owner": "nixos",
        "repo": "nixpkgs",
        "rev": "ae1c8ede09b53007ba9b3c32f926c9c03547ae8b",
        "type": "github"
      },
      "original": {
        "owner": "nixos",
        "ref": "nixos-unstable",
        "repo": "nixpkgs",
        "type": "github"
      }
    },
    "nixpkgs_2": {
      "locked": {
        "lastModified": 1617325113,
        "narHash": "sha256-GksR0nvGxfZ79T91UUtWjjccxazv6Yh/MvEJ82v1Xmw=",
        "owner": "nixos",
        "repo": "nixpkgs",
        "rev": "54c1e44240d8a527a8f4892608c4bce5440c3ecb",
        "type": "github"
      },
      "original": {
        "owner": "NixOS",
        "repo": "nixpkgs",
        "type": "github"
      }
    },
    "root": {
      "inputs": {
        "home": "home",
        "master": "master",
        "neovim-nightly": "neovim-nightly",
        "new-vim-shit": "new-vim-shit",
        "nixpkgs": [
          "master"
        ],
        "rust": "rust",
        "stable": "stable",
        "staging": "staging",
        "staging-next": "staging-next",
        "unstable": "unstable"
      }
    },
    "rust": {
      "inputs": {
        "flake-utils": "flake-utils_2",
        "nixpkgs": "nixpkgs_2"
      },
      "locked": {
        "lastModified": 1620787725,
        "narHash": "sha256-vpZ/RAXyFzsvxbZxlKU9yUHnJPDKiAp2qD9tj95ty6M=",
        "owner": "oxalica",
        "repo": "rust-overlay",
        "rev": "47b1a05938dff7b279e4b93a7cb61c31746a5293",
        "type": "github"
      },
      "original": {
        "owner": "oxalica",
        "repo": "rust-overlay",
        "type": "github"
      }
    },
    "stable": {
      "locked": {
        "lastModified": 1620808985,
        "narHash": "sha256-cf/+g1RVawT0rcKmfh2nf/lgnSrj9YZS+1PkCFmoeJQ=",
        "owner": "nixos",
        "repo": "nixpkgs",
        "rev": "327368f98c6a927a84aed3c2f2fd1a7f6983e855",
        "type": "github"
      },
      "original": {
        "owner": "nixos",
        "ref": "release-20.09",
        "repo": "nixpkgs",
        "type": "github"
      }
    },
    "staging": {
      "locked": {
        "lastModified": 1620800496,
        "narHash": "sha256-Yov5hVmczKlyODFzltv4TgjGUwpti59ISm+rQB37kqs=",
        "owner": "nixos",
        "repo": "nixpkgs",
        "rev": "e2cf4749869c315f740179790a49ba35f07e3fee",
        "type": "github"
      },
      "original": {
        "owner": "nixos",
        "ref": "staging",
        "repo": "nixpkgs",
        "type": "github"
      }
    },
    "staging-next": {
      "locked": {
        "lastModified": 1620809471,
        "narHash": "sha256-Z93hZDO7+dzSbQJidtkFhhTK7zCEM0O1nW1rqCeMnpg=",
        "owner": "nixos",
        "repo": "nixpkgs",
        "rev": "717884806406da949074c4c1f4c80f6a1e3f0231",
        "type": "github"
      },
      "original": {
        "owner": "nixos",
        "ref": "staging-next",
        "repo": "nixpkgs",
        "type": "github"
      }
    },
    "unstable": {
      "locked": {
        "lastModified": 1620756440,
        "narHash": "sha256-vP/+UaFoLFr9xmwC4mWCPg0ErOJNtBAm8jXnG6McEC8=",
        "owner": "nixos",
        "repo": "nixpkgs",
        "rev": "c9494b6fe0422c358fbe8eddc907919140381de3",
        "type": "github"
      },
      "original": {
        "owner": "nixos",
        "ref": "nixpkgs-unstable",
        "repo": "nixpkgs",
        "type": "github"
      }
    }
  },
  "root": "root",
  "version": 7
}
